// !$*UTF8*$!
{
	archiveVersion = 1;
	classes = {
	};
	objectVersion = 60;
	objects = {

/* Begin PBXBuildFile section */
		43344AD32BB05F79000BE145 /* Noise in Frameworks */ = {isa = PBXBuildFile; productRef = 43344AD22BB05F79000BE145 /* Noise */; };
		43344AD52BB05F79000BE145 /* NoiseBackend in Frameworks */ = {isa = PBXBuildFile; productRef = 43344AD42BB05F79000BE145 /* NoiseBackend */; };
		43344AD72BB05F79000BE145 /* NoiseSerde in Frameworks */ = {isa = PBXBuildFile; productRef = 43344AD62BB05F79000BE145 /* NoiseSerde */; };
		43344ADA2BB05FD0000BE145 /* Backend.swift in Sources */ = {isa = PBXBuildFile; fileRef = 43344AD82BB05FD0000BE145 /* Backend.swift */; };
		43344ADB2BB05FD0000BE145 /* BackendExtensions.swift in Sources */ = {isa = PBXBuildFile; fileRef = 43344AD92BB05FD0000BE145 /* BackendExtensions.swift */; };
		433DB90F23B134B40027268A /* VisualEffectBackground.swift in Sources */ = {isa = PBXBuildFile; fileRef = 433DB90E23B134B40027268A /* VisualEffectBackground.swift */; };
		4355FC3823BA4E0D000463B6 /* Preferences.swift in Sources */ = {isa = PBXBuildFile; fileRef = 4355FC3723BA4E0D000463B6 /* Preferences.swift */; };
		4355FC3A23BA621F000463B6 /* KeyboardShortcutField.swift in Sources */ = {isa = PBXBuildFile; fileRef = 4355FC3923BA621F000463B6 /* KeyboardShortcutField.swift */; };
		4355FC3C23BA73A8000463B6 /* KeyboardShortcutDefaults.swift in Sources */ = {isa = PBXBuildFile; fileRef = 4355FC3B23BA73A8000463B6 /* KeyboardShortcutDefaults.swift */; };
		4355FC3E23BA7B3A000463B6 /* KeyboardShortcut.swift in Sources */ = {isa = PBXBuildFile; fileRef = 4355FC3D23BA7B3A000463B6 /* KeyboardShortcut.swift */; };
		4361400A2BBBE68700CCC38B /* Assets.xcassets in Resources */ = {isa = PBXBuildFile; fileRef = 436140092BBBE68700CCC38B /* Assets.xcassets */; };
		4361400D2BBBE68700CCC38B /* Preview Assets.xcassets in Resources */ = {isa = PBXBuildFile; fileRef = 4361400C2BBBE68700CCC38B /* Preview Assets.xcassets */; };
		436140412BBBE79400CCC38B /* Backend.swift in Sources */ = {isa = PBXBuildFile; fileRef = 4361401C2BBBE74500CCC38B /* Backend.swift */; };
		436140422BBBE79400CCC38B /* RemindersView.swift in Sources */ = {isa = PBXBuildFile; fileRef = 4361401E2BBBE74500CCC38B /* RemindersView.swift */; };
		436140432BBBE79400CCC38B /* Store.swift in Sources */ = {isa = PBXBuildFile; fileRef = 4361401A2BBBE74500CCC38B /* Store.swift */; };
		436140442BBBE79400CCC38B /* ReminderDetailView.swift in Sources */ = {isa = PBXBuildFile; fileRef = 436140152BBBE74500CCC38B /* ReminderDetailView.swift */; };
		436140452BBBE79400CCC38B /* FolderSyncer.swift in Sources */ = {isa = PBXBuildFile; fileRef = 436140192BBBE74500CCC38B /* FolderSyncer.swift */; };
		436140462BBBE79400CCC38B /* BackendExtensions.swift in Sources */ = {isa = PBXBuildFile; fileRef = 436140162BBBE74500CCC38B /* BackendExtensions.swift */; };
		436140482BBBE79400CCC38B /* DeviceShakeViewModifier.swift in Sources */ = {isa = PBXBuildFile; fileRef = 436140142BBBE74500CCC38B /* DeviceShakeViewModifier.swift */; };
		436140492BBBE79400CCC38B /* Remember.swift in Sources */ = {isa = PBXBuildFile; fileRef = 436140302BBBE78200CCC38B /* Remember.swift */; };
		4361404A2BBBE79400CCC38B /* CommandField.swift in Sources */ = {isa = PBXBuildFile; fileRef = 436140182BBBE74500CCC38B /* CommandField.swift */; };
		4361404B2BBBE79400CCC38B /* SettingsView.swift in Sources */ = {isa = PBXBuildFile; fileRef = 436140132BBBE74500CCC38B /* SettingsView.swift */; };
		4361404C2BBBE79400CCC38B /* ContentView.swift in Sources */ = {isa = PBXBuildFile; fileRef = 4361401F2BBBE74500CCC38B /* ContentView.swift */; };
		4361404D2BBBE79400CCC38B /* SettingsSyncView.swift in Sources */ = {isa = PBXBuildFile; fileRef = 436140172BBBE74500CCC38B /* SettingsSyncView.swift */; };
		4361404E2BBBE79400CCC38B /* CommandView.swift in Sources */ = {isa = PBXBuildFile; fileRef = 4361401D2BBBE74500CCC38B /* CommandView.swift */; };
		4361404F2BBBE79400CCC38B /* NotificationsManager.swift in Sources */ = {isa = PBXBuildFile; fileRef = 4361401B2BBBE74500CCC38B /* NotificationsManager.swift */; };
		436140512BBBE7BE00CCC38B /* res in Resources */ = {isa = PBXBuildFile; fileRef = 436140112BBBE70400CCC38B /* res */; };
		436140532BBBE7C500CCC38B /* Noise in Frameworks */ = {isa = PBXBuildFile; productRef = 436140522BBBE7C500CCC38B /* Noise */; };
		436140552BBBE7C500CCC38B /* NoiseBackend in Frameworks */ = {isa = PBXBuildFile; productRef = 436140542BBBE7C500CCC38B /* NoiseBackend */; };
		436140572BBBE7C500CCC38B /* NoiseSerde in Frameworks */ = {isa = PBXBuildFile; productRef = 436140562BBBE7C500CCC38B /* NoiseSerde */; };
		4361405C2BBBEB9D00CCC38B /* res in Resources */ = {isa = PBXBuildFile; fileRef = 4361405B2BBBEB9D00CCC38B /* res */; };
		436BE29523B10D4E00717375 /* AppDelegate.swift in Sources */ = {isa = PBXBuildFile; fileRef = 436BE29423B10D4E00717375 /* AppDelegate.swift */; };
		436BE29723B10D4E00717375 /* ContentView.swift in Sources */ = {isa = PBXBuildFile; fileRef = 436BE29623B10D4E00717375 /* ContentView.swift */; };
		436BE29923B10D5000717375 /* Assets.xcassets in Resources */ = {isa = PBXBuildFile; fileRef = 436BE29823B10D5000717375 /* Assets.xcassets */; };
		436BE29C23B10D5000717375 /* Preview Assets.xcassets in Resources */ = {isa = PBXBuildFile; fileRef = 436BE29B23B10D5000717375 /* Preview Assets.xcassets */; };
		436BE29F23B10D5000717375 /* Main.storyboard in Resources */ = {isa = PBXBuildFile; fileRef = 436BE29D23B10D5000717375 /* Main.storyboard */; };
		436C19C52BC3B77200B3593E /* PrivacyInfo.xcprivacy in Resources */ = {isa = PBXBuildFile; fileRef = 436C19C42BC3B77000B3593E /* PrivacyInfo.xcprivacy */; };
		43713C3E23B21CB000E20E48 /* CommandField.swift in Sources */ = {isa = PBXBuildFile; fileRef = 43713C3D23B21CB000E20E48 /* CommandField.swift */; };
		43983BDE23B794300064C527 /* UserNotifications.swift in Sources */ = {isa = PBXBuildFile; fileRef = 43983BDD23B794300064C527 /* UserNotifications.swift */; };
		43983BE223BA19EC0064C527 /* EntryList.swift in Sources */ = {isa = PBXBuildFile; fileRef = 43983BE123BA19EC0064C527 /* EntryList.swift */; };
		43983BE423BA279E0064C527 /* EntryListItem.swift in Sources */ = {isa = PBXBuildFile; fileRef = 43983BE323BA279E0064C527 /* EntryListItem.swift */; };
		43AC35652BBE881D0095D2FB /* AddReminderIntent.swift in Sources */ = {isa = PBXBuildFile; fileRef = 43AC35642BBE881D0095D2FB /* AddReminderIntent.swift */; };
		43B8902A269976D6007D29BD /* Snooze.swift in Sources */ = {isa = PBXBuildFile; fileRef = 43B89029269976D6007D29BD /* Snooze.swift */; };
		43BB852623DB835500DFDC59 /* StatusItem.swift in Sources */ = {isa = PBXBuildFile; fileRef = 43BB852523DB835500DFDC59 /* StatusItem.swift */; };
		43D680FD23D71AF900659FCA /* Onboarding.swift in Sources */ = {isa = PBXBuildFile; fileRef = 43D680FC23D71AF900659FCA /* Onboarding.swift */; };
		43E6B94323B61CAD00F7ACE1 /* Store.swift in Sources */ = {isa = PBXBuildFile; fileRef = 43E6B94223B61CAD00F7ACE1 /* Store.swift */; };
		43E6B94823B6722B00F7ACE1 /* Carbon.framework in Frameworks */ = {isa = PBXBuildFile; fileRef = 43E6B94723B6722B00F7ACE1 /* Carbon.framework */; };
		43E6B95823B6775B00F7ACE1 /* DDHotKeyUtilities.m in Sources */ = {isa = PBXBuildFile; fileRef = 43E6B95623B6775A00F7ACE1 /* DDHotKeyUtilities.m */; };
		43E6B95923B6775B00F7ACE1 /* DDHotKeyCenter.m in Sources */ = {isa = PBXBuildFile; fileRef = 43E6B95523B6775A00F7ACE1 /* DDHotKeyCenter.m */; };
		43E6B95A23B6775B00F7ACE1 /* DDHotKeyTextField.m in Sources */ = {isa = PBXBuildFile; fileRef = 43E6B95723B6775B00F7ACE1 /* DDHotKeyTextField.m */; };
		43E6B95C23B6878600F7ACE1 /* Notifications.swift in Sources */ = {isa = PBXBuildFile; fileRef = 43E6B95B23B6878600F7ACE1 /* Notifications.swift */; };
		43E6B95E23B68F4A00F7ACE1 /* Keycode.swift in Sources */ = {isa = PBXBuildFile; fileRef = 43E6B95D23B68F4A00F7ACE1 /* Keycode.swift */; };
		43F0F39923DAF59000D3D97C /* FolderSync.swift in Sources */ = {isa = PBXBuildFile; fileRef = 43F0F39823DAF59000D3D97C /* FolderSync.swift */; };
		43F199DF2569A18100259849 /* LaunchAtLogin in Frameworks */ = {isa = PBXBuildFile; productRef = 43F199DE2569A18100259849 /* LaunchAtLogin */; };
/* End PBXBuildFile section */

/* Begin PBXFileReference section */
		43344AD82BB05FD0000BE145 /* Backend.swift */ = {isa = PBXFileReference; fileEncoding = 4; lastKnownFileType = sourcecode.swift; path = Backend.swift; sourceTree = "<group>"; };
		43344AD92BB05FD0000BE145 /* BackendExtensions.swift */ = {isa = PBXFileReference; fileEncoding = 4; lastKnownFileType = sourcecode.swift; path = BackendExtensions.swift; sourceTree = "<group>"; };
		433DB90E23B134B40027268A /* VisualEffectBackground.swift */ = {isa = PBXFileReference; lastKnownFileType = sourcecode.swift; path = VisualEffectBackground.swift; sourceTree = "<group>"; };
		4355FC3723BA4E0D000463B6 /* Preferences.swift */ = {isa = PBXFileReference; lastKnownFileType = sourcecode.swift; path = Preferences.swift; sourceTree = "<group>"; };
		4355FC3923BA621F000463B6 /* KeyboardShortcutField.swift */ = {isa = PBXFileReference; lastKnownFileType = sourcecode.swift; path = KeyboardShortcutField.swift; sourceTree = "<group>"; };
		4355FC3B23BA73A8000463B6 /* KeyboardShortcutDefaults.swift */ = {isa = PBXFileReference; lastKnownFileType = sourcecode.swift; path = KeyboardShortcutDefaults.swift; sourceTree = "<group>"; };
		4355FC3D23BA7B3A000463B6 /* KeyboardShortcut.swift */ = {isa = PBXFileReference; lastKnownFileType = sourcecode.swift; path = KeyboardShortcut.swift; sourceTree = "<group>"; };
		436140032BBBE68700CCC38B /* Remember iOS.app */ = {isa = PBXFileReference; explicitFileType = wrapper.application; includeInIndex = 0; path = "Remember iOS.app"; sourceTree = BUILT_PRODUCTS_DIR; };
		436140092BBBE68700CCC38B /* Assets.xcassets */ = {isa = PBXFileReference; lastKnownFileType = folder.assetcatalog; path = Assets.xcassets; sourceTree = "<group>"; };
		4361400C2BBBE68700CCC38B /* Preview Assets.xcassets */ = {isa = PBXFileReference; lastKnownFileType = folder.assetcatalog; path = "Preview Assets.xcassets"; sourceTree = "<group>"; };
		436140112BBBE70400CCC38B /* res */ = {isa = PBXFileReference; lastKnownFileType = folder; path = res; sourceTree = "<group>"; };
		436140132BBBE74500CCC38B /* SettingsView.swift */ = {isa = PBXFileReference; fileEncoding = 4; lastKnownFileType = sourcecode.swift; path = SettingsView.swift; sourceTree = "<group>"; };
		436140142BBBE74500CCC38B /* DeviceShakeViewModifier.swift */ = {isa = PBXFileReference; fileEncoding = 4; lastKnownFileType = sourcecode.swift; path = DeviceShakeViewModifier.swift; sourceTree = "<group>"; };
		436140152BBBE74500CCC38B /* ReminderDetailView.swift */ = {isa = PBXFileReference; fileEncoding = 4; lastKnownFileType = sourcecode.swift; path = ReminderDetailView.swift; sourceTree = "<group>"; };
		436140162BBBE74500CCC38B /* BackendExtensions.swift */ = {isa = PBXFileReference; fileEncoding = 4; lastKnownFileType = sourcecode.swift; path = BackendExtensions.swift; sourceTree = "<group>"; };
		436140172BBBE74500CCC38B /* SettingsSyncView.swift */ = {isa = PBXFileReference; fileEncoding = 4; lastKnownFileType = sourcecode.swift; path = SettingsSyncView.swift; sourceTree = "<group>"; };
		436140182BBBE74500CCC38B /* CommandField.swift */ = {isa = PBXFileReference; fileEncoding = 4; lastKnownFileType = sourcecode.swift; path = CommandField.swift; sourceTree = "<group>"; };
		436140192BBBE74500CCC38B /* FolderSyncer.swift */ = {isa = PBXFileReference; fileEncoding = 4; lastKnownFileType = sourcecode.swift; path = FolderSyncer.swift; sourceTree = "<group>"; };
		4361401A2BBBE74500CCC38B /* Store.swift */ = {isa = PBXFileReference; fileEncoding = 4; lastKnownFileType = sourcecode.swift; path = Store.swift; sourceTree = "<group>"; };
		4361401B2BBBE74500CCC38B /* NotificationsManager.swift */ = {isa = PBXFileReference; fileEncoding = 4; lastKnownFileType = sourcecode.swift; path = NotificationsManager.swift; sourceTree = "<group>"; };
		4361401C2BBBE74500CCC38B /* Backend.swift */ = {isa = PBXFileReference; fileEncoding = 4; lastKnownFileType = sourcecode.swift; path = Backend.swift; sourceTree = "<group>"; };
		4361401D2BBBE74500CCC38B /* CommandView.swift */ = {isa = PBXFileReference; fileEncoding = 4; lastKnownFileType = sourcecode.swift; path = CommandView.swift; sourceTree = "<group>"; };
		4361401E2BBBE74500CCC38B /* RemindersView.swift */ = {isa = PBXFileReference; fileEncoding = 4; lastKnownFileType = sourcecode.swift; path = RemindersView.swift; sourceTree = "<group>"; };
		4361401F2BBBE74500CCC38B /* ContentView.swift */ = {isa = PBXFileReference; fileEncoding = 4; lastKnownFileType = sourcecode.swift; path = ContentView.swift; sourceTree = "<group>"; };
		436140302BBBE78200CCC38B /* Remember.swift */ = {isa = PBXFileReference; fileEncoding = 4; lastKnownFileType = sourcecode.swift; name = Remember.swift; path = "remember-ios/Remember.swift"; sourceTree = SOURCE_ROOT; };
		436140582BBBE86400CCC38B /* Info.plist */ = {isa = PBXFileReference; fileEncoding = 4; lastKnownFileType = text.plist.xml; path = Info.plist; sourceTree = "<group>"; };
		4361405B2BBBEB9D00CCC38B /* res */ = {isa = PBXFileReference; lastKnownFileType = folder; path = res; sourceTree = "<group>"; };
		436BE29123B10D4E00717375 /* Remember.app */ = {isa = PBXFileReference; explicitFileType = wrapper.application; includeInIndex = 0; path = Remember.app; sourceTree = BUILT_PRODUCTS_DIR; };
		436BE29423B10D4E00717375 /* AppDelegate.swift */ = {isa = PBXFileReference; lastKnownFileType = sourcecode.swift; path = AppDelegate.swift; sourceTree = "<group>"; };
		436BE29623B10D4E00717375 /* ContentView.swift */ = {isa = PBXFileReference; lastKnownFileType = sourcecode.swift; path = ContentView.swift; sourceTree = "<group>"; };
		436BE29823B10D5000717375 /* Assets.xcassets */ = {isa = PBXFileReference; lastKnownFileType = folder.assetcatalog; path = Assets.xcassets; sourceTree = "<group>"; };
		436BE29B23B10D5000717375 /* Preview Assets.xcassets */ = {isa = PBXFileReference; lastKnownFileType = folder.assetcatalog; path = "Preview Assets.xcassets"; sourceTree = "<group>"; };
		436BE29E23B10D5000717375 /* Base */ = {isa = PBXFileReference; lastKnownFileType = file.storyboard; name = Base; path = Base.lproj/Main.storyboard; sourceTree = "<group>"; };
		436BE2A023B10D5000717375 /* Info.plist */ = {isa = PBXFileReference; lastKnownFileType = text.plist.xml; path = Info.plist; sourceTree = "<group>"; };
		436BE2A123B10D5000717375 /* remember.entitlements */ = {isa = PBXFileReference; lastKnownFileType = text.plist.entitlements; path = remember.entitlements; sourceTree = "<group>"; };
		436C19C42BC3B77000B3593E /* PrivacyInfo.xcprivacy */ = {isa = PBXFileReference; lastKnownFileType = text.xml; path = PrivacyInfo.xcprivacy; sourceTree = "<group>"; };
		43713C3D23B21CB000E20E48 /* CommandField.swift */ = {isa = PBXFileReference; fileEncoding = 4; lastKnownFileType = sourcecode.swift; path = CommandField.swift; sourceTree = "<group>"; };
		43983BDD23B794300064C527 /* UserNotifications.swift */ = {isa = PBXFileReference; lastKnownFileType = sourcecode.swift; path = UserNotifications.swift; sourceTree = "<group>"; };
		43983BE123BA19EC0064C527 /* EntryList.swift */ = {isa = PBXFileReference; lastKnownFileType = sourcecode.swift; path = EntryList.swift; sourceTree = "<group>"; };
		43983BE323BA279E0064C527 /* EntryListItem.swift */ = {isa = PBXFileReference; lastKnownFileType = sourcecode.swift; path = EntryListItem.swift; sourceTree = "<group>"; };
		43A60B9E23BD5ED600160E3E /* remember-core.entitlements */ = {isa = PBXFileReference; lastKnownFileType = text.plist.entitlements; path = "remember-core.entitlements"; sourceTree = "<group>"; };
		43AC35642BBE881D0095D2FB /* AddReminderIntent.swift */ = {isa = PBXFileReference; lastKnownFileType = sourcecode.swift; path = AddReminderIntent.swift; sourceTree = "<group>"; };
		43B89029269976D6007D29BD /* Snooze.swift */ = {isa = PBXFileReference; lastKnownFileType = sourcecode.swift; path = Snooze.swift; sourceTree = "<group>"; };
		43BB852523DB835500DFDC59 /* StatusItem.swift */ = {isa = PBXFileReference; lastKnownFileType = sourcecode.swift; path = StatusItem.swift; sourceTree = "<group>"; };
		43D680FC23D71AF900659FCA /* Onboarding.swift */ = {isa = PBXFileReference; lastKnownFileType = sourcecode.swift; path = Onboarding.swift; sourceTree = "<group>"; };
		43E6B94223B61CAD00F7ACE1 /* Store.swift */ = {isa = PBXFileReference; lastKnownFileType = sourcecode.swift; path = Store.swift; sourceTree = "<group>"; };
		43E6B94723B6722B00F7ACE1 /* Carbon.framework */ = {isa = PBXFileReference; lastKnownFileType = wrapper.framework; name = Carbon.framework; path = System/Library/Frameworks/Carbon.framework; sourceTree = SDKROOT; };
		43E6B94B23B673EF00F7ACE1 /* BridgingHeader.h */ = {isa = PBXFileReference; lastKnownFileType = sourcecode.c.h; path = BridgingHeader.h; sourceTree = "<group>"; };
		43E6B95223B6775A00F7ACE1 /* DDHotKeyCenter.h */ = {isa = PBXFileReference; lastKnownFileType = sourcecode.c.h; name = DDHotKeyCenter.h; path = vendor/DDHotKey/DDHotKeyCenter.h; sourceTree = "<group>"; };
		43E6B95323B6775A00F7ACE1 /* DDHotKeyUtilities.h */ = {isa = PBXFileReference; lastKnownFileType = sourcecode.c.h; name = DDHotKeyUtilities.h; path = vendor/DDHotKey/DDHotKeyUtilities.h; sourceTree = "<group>"; };
		43E6B95423B6775A00F7ACE1 /* DDHotKeyTextField.h */ = {isa = PBXFileReference; lastKnownFileType = sourcecode.c.h; name = DDHotKeyTextField.h; path = vendor/DDHotKey/DDHotKeyTextField.h; sourceTree = "<group>"; };
		43E6B95523B6775A00F7ACE1 /* DDHotKeyCenter.m */ = {isa = PBXFileReference; lastKnownFileType = sourcecode.c.objc; name = DDHotKeyCenter.m; path = vendor/DDHotKey/DDHotKeyCenter.m; sourceTree = "<group>"; };
		43E6B95623B6775A00F7ACE1 /* DDHotKeyUtilities.m */ = {isa = PBXFileReference; lastKnownFileType = sourcecode.c.objc; name = DDHotKeyUtilities.m; path = vendor/DDHotKey/DDHotKeyUtilities.m; sourceTree = "<group>"; };
		43E6B95723B6775B00F7ACE1 /* DDHotKeyTextField.m */ = {isa = PBXFileReference; lastKnownFileType = sourcecode.c.objc; name = DDHotKeyTextField.m; path = vendor/DDHotKey/DDHotKeyTextField.m; sourceTree = "<group>"; };
		43E6B95B23B6878600F7ACE1 /* Notifications.swift */ = {isa = PBXFileReference; lastKnownFileType = sourcecode.swift; path = Notifications.swift; sourceTree = "<group>"; };
		43E6B95D23B68F4A00F7ACE1 /* Keycode.swift */ = {isa = PBXFileReference; lastKnownFileType = sourcecode.swift; path = Keycode.swift; sourceTree = "<group>"; };
		43F0F39823DAF59000D3D97C /* FolderSync.swift */ = {isa = PBXFileReference; lastKnownFileType = sourcecode.swift; path = FolderSync.swift; sourceTree = "<group>"; };
/* End PBXFileReference section */

/* Begin PBXFrameworksBuildPhase section */
		436140002BBBE68700CCC38B /* Frameworks */ = {
			isa = PBXFrameworksBuildPhase;
			buildActionMask = 2147483647;
			files = (
				436140572BBBE7C500CCC38B /* NoiseSerde in Frameworks */,
				436140552BBBE7C500CCC38B /* NoiseBackend in Frameworks */,
				436140532BBBE7C500CCC38B /* Noise in Frameworks */,
			);
			runOnlyForDeploymentPostprocessing = 0;
		};
		436BE28E23B10D4E00717375 /* Frameworks */ = {
			isa = PBXFrameworksBuildPhase;
			buildActionMask = 2147483647;
			files = (
				43E6B94823B6722B00F7ACE1 /* Carbon.framework in Frameworks */,
				43344AD52BB05F79000BE145 /* NoiseBackend in Frameworks */,
				43F199DF2569A18100259849 /* LaunchAtLogin in Frameworks */,
				43344AD72BB05F79000BE145 /* NoiseSerde in Frameworks */,
				43344AD32BB05F79000BE145 /* Noise in Frameworks */,
			);
			runOnlyForDeploymentPostprocessing = 0;
		};
/* End PBXFrameworksBuildPhase section */

/* Begin PBXGroup section */
		436140042BBBE68700CCC38B /* remember-ios */ = {
			isa = PBXGroup;
			children = (
				43AC35642BBE881D0095D2FB /* AddReminderIntent.swift */,
				436140092BBBE68700CCC38B /* Assets.xcassets */,
				4361401C2BBBE74500CCC38B /* Backend.swift */,
				436140162BBBE74500CCC38B /* BackendExtensions.swift */,
				436140182BBBE74500CCC38B /* CommandField.swift */,
				4361401D2BBBE74500CCC38B /* CommandView.swift */,
				4361401F2BBBE74500CCC38B /* ContentView.swift */,
				436140142BBBE74500CCC38B /* DeviceShakeViewModifier.swift */,
				436140192BBBE74500CCC38B /* FolderSyncer.swift */,
				436140582BBBE86400CCC38B /* Info.plist */,
				4361401B2BBBE74500CCC38B /* NotificationsManager.swift */,
				4361400B2BBBE68700CCC38B /* Preview Content */,
				436C19C42BC3B77000B3593E /* PrivacyInfo.xcprivacy */,
				436140302BBBE78200CCC38B /* Remember.swift */,
				436140152BBBE74500CCC38B /* ReminderDetailView.swift */,
				4361401E2BBBE74500CCC38B /* RemindersView.swift */,
				436140112BBBE70400CCC38B /* res */,
				436140172BBBE74500CCC38B /* SettingsSyncView.swift */,
				436140132BBBE74500CCC38B /* SettingsView.swift */,
				4361401A2BBBE74500CCC38B /* Store.swift */,
			);
			path = "remember-ios";
			sourceTree = "<group>";
		};
		4361400B2BBBE68700CCC38B /* Preview Content */ = {
			isa = PBXGroup;
			children = (
				4361400C2BBBE68700CCC38B /* Preview Assets.xcassets */,
			);
			path = "Preview Content";
			sourceTree = "<group>";
		};
		436BE28823B10D4E00717375 = {
			isa = PBXGroup;
			children = (
				43E6B94623B6722B00F7ACE1 /* Frameworks */,
				436BE29223B10D4E00717375 /* Products */,
				436BE29323B10D4E00717375 /* remember */,
				436140042BBBE68700CCC38B /* remember-ios */,
			);
			sourceTree = "<group>";
		};
		436BE29223B10D4E00717375 /* Products */ = {
			isa = PBXGroup;
			children = (
				436BE29123B10D4E00717375 /* Remember.app */,
				436140032BBBE68700CCC38B /* Remember iOS.app */,
			);
			name = Products;
			sourceTree = "<group>";
		};
		436BE29323B10D4E00717375 /* remember */ = {
			isa = PBXGroup;
			children = (
				436BE29423B10D4E00717375 /* AppDelegate.swift */,
				436BE29823B10D5000717375 /* Assets.xcassets */,
				43344AD82BB05FD0000BE145 /* Backend.swift */,
				43344AD92BB05FD0000BE145 /* BackendExtensions.swift */,
				43E6B94B23B673EF00F7ACE1 /* BridgingHeader.h */,
				43713C3D23B21CB000E20E48 /* CommandField.swift */,
				436BE29623B10D4E00717375 /* ContentView.swift */,
				43E6B95223B6775A00F7ACE1 /* DDHotKeyCenter.h */,
				43E6B95523B6775A00F7ACE1 /* DDHotKeyCenter.m */,
				43E6B95423B6775A00F7ACE1 /* DDHotKeyTextField.h */,
				43E6B95723B6775B00F7ACE1 /* DDHotKeyTextField.m */,
				43E6B95323B6775A00F7ACE1 /* DDHotKeyUtilities.h */,
				43E6B95623B6775A00F7ACE1 /* DDHotKeyUtilities.m */,
				43983BE123BA19EC0064C527 /* EntryList.swift */,
				43983BE323BA279E0064C527 /* EntryListItem.swift */,
				43F0F39823DAF59000D3D97C /* FolderSync.swift */,
				436BE2A023B10D5000717375 /* Info.plist */,
				4355FC3D23BA7B3A000463B6 /* KeyboardShortcut.swift */,
				4355FC3B23BA73A8000463B6 /* KeyboardShortcutDefaults.swift */,
				4355FC3923BA621F000463B6 /* KeyboardShortcutField.swift */,
				43E6B95D23B68F4A00F7ACE1 /* Keycode.swift */,
				436BE29D23B10D5000717375 /* Main.storyboard */,
				43E6B95B23B6878600F7ACE1 /* Notifications.swift */,
				43D680FC23D71AF900659FCA /* Onboarding.swift */,
				4355FC3723BA4E0D000463B6 /* Preferences.swift */,
				436BE29A23B10D5000717375 /* Preview Content */,
				43A60B9E23BD5ED600160E3E /* remember-core.entitlements */,
				436BE2A123B10D5000717375 /* remember.entitlements */,
				4361405B2BBBEB9D00CCC38B /* res */,
				43B89029269976D6007D29BD /* Snooze.swift */,
				43BB852523DB835500DFDC59 /* StatusItem.swift */,
				43E6B94223B61CAD00F7ACE1 /* Store.swift */,
				43983BDD23B794300064C527 /* UserNotifications.swift */,
				433DB90E23B134B40027268A /* VisualEffectBackground.swift */,
			);
			path = remember;
			sourceTree = "<group>";
		};
		436BE29A23B10D5000717375 /* Preview Content */ = {
			isa = PBXGroup;
			children = (
				436BE29B23B10D5000717375 /* Preview Assets.xcassets */,
			);
			path = "Preview Content";
			sourceTree = "<group>";
		};
		43E6B94623B6722B00F7ACE1 /* Frameworks */ = {
			isa = PBXGroup;
			children = (
				43E6B94723B6722B00F7ACE1 /* Carbon.framework */,
			);
			name = Frameworks;
			sourceTree = "<group>";
		};
/* End PBXGroup section */

/* Begin PBXNativeTarget section */
		436140022BBBE68700CCC38B /* Remember iOS */ = {
			isa = PBXNativeTarget;
			buildConfigurationList = 4361400E2BBBE68700CCC38B /* Build configuration list for PBXNativeTarget "Remember iOS" */;
			buildPhases = (
				4361405A2BBBE8D500CCC38B /* Remove dylibs */,
				43613FFF2BBBE68700CCC38B /* Sources */,
				436140002BBBE68700CCC38B /* Frameworks */,
				436140012BBBE68700CCC38B /* Resources */,
			);
			buildRules = (
			);
			dependencies = (
			);
			name = "Remember iOS";
			packageProductDependencies = (
				436140522BBBE7C500CCC38B /* Noise */,
				436140542BBBE7C500CCC38B /* NoiseBackend */,
				436140562BBBE7C500CCC38B /* NoiseSerde */,
			);
			productName = "remember-ios";
			productReference = 436140032BBBE68700CCC38B /* Remember iOS.app */;
			productType = "com.apple.product-type.application";
		};
		436BE29023B10D4E00717375 /* Remember */ = {
			isa = PBXNativeTarget;
			buildConfigurationList = 436BE2BA23B10D5000717375 /* Build configuration list for PBXNativeTarget "Remember" */;
			buildPhases = (
				43A60B9723BD4D7300160E3E /* Sign dylibs */,
				436BE28D23B10D4E00717375 /* Sources */,
				436BE28E23B10D4E00717375 /* Frameworks */,
				436BE28F23B10D4E00717375 /* Resources */,
				4355FC3F23BCC241000463B6 /* Copy LaunchAtLogin Helper */,
			);
			buildRules = (
			);
			dependencies = (
			);
			name = Remember;
			packageProductDependencies = (
				43F199DE2569A18100259849 /* LaunchAtLogin */,
				43344AD22BB05F79000BE145 /* Noise */,
				43344AD42BB05F79000BE145 /* NoiseBackend */,
				43344AD62BB05F79000BE145 /* NoiseSerde */,
			);
			productName = remember;
			productReference = 436BE29123B10D4E00717375 /* Remember.app */;
			productType = "com.apple.product-type.application";
		};
/* End PBXNativeTarget section */

/* Begin PBXProject section */
		436BE28923B10D4E00717375 /* Project object */ = {
			isa = PBXProject;
			attributes = {
				BuildIndependentTargetsInParallel = YES;
				LastSwiftUpdateCheck = 1530;
				LastUpgradeCheck = 1530;
				ORGANIZATIONNAME = "CLEARTYPE SRL";
				TargetAttributes = {
					436140022BBBE68700CCC38B = {
						CreatedOnToolsVersion = 15.3;
					};
					436BE29023B10D4E00717375 = {
						CreatedOnToolsVersion = 11.3;
					};
				};
			};
			buildConfigurationList = 436BE28C23B10D4E00717375 /* Build configuration list for PBXProject "Remember" */;
			compatibilityVersion = "Xcode 9.3";
			developmentRegion = en;
			hasScannedForEncodings = 0;
			knownRegions = (
				en,
				Base,
			);
			mainGroup = 436BE28823B10D4E00717375;
			packageReferences = (
				43F199DD2569A18100259849 /* XCRemoteSwiftPackageReference "LaunchAtLogin" */,
				43344AD12BB05F79000BE145 /* XCLocalSwiftPackageReference "../../sandbox/Noise" */,
			);
			productRefGroup = 436BE29223B10D4E00717375 /* Products */;
			projectDirPath = "";
			projectRoot = "";
			targets = (
				436BE29023B10D4E00717375 /* Remember */,
				436140022BBBE68700CCC38B /* Remember iOS */,
			);
		};
/* End PBXProject section */

/* Begin PBXResourcesBuildPhase section */
		436140012BBBE68700CCC38B /* Resources */ = {
			isa = PBXResourcesBuildPhase;
			buildActionMask = 2147483647;
			files = (
				436140512BBBE7BE00CCC38B /* res in Resources */,
				4361400D2BBBE68700CCC38B /* Preview Assets.xcassets in Resources */,
				436C19C52BC3B77200B3593E /* PrivacyInfo.xcprivacy in Resources */,
				4361400A2BBBE68700CCC38B /* Assets.xcassets in Resources */,
			);
			runOnlyForDeploymentPostprocessing = 0;
		};
		436BE28F23B10D4E00717375 /* Resources */ = {
			isa = PBXResourcesBuildPhase;
			buildActionMask = 2147483647;
			files = (
				4361405C2BBBEB9D00CCC38B /* res in Resources */,
				436BE29923B10D5000717375 /* Assets.xcassets in Resources */,
				436BE29F23B10D5000717375 /* Main.storyboard in Resources */,
				436BE29C23B10D5000717375 /* Preview Assets.xcassets in Resources */,
			);
			runOnlyForDeploymentPostprocessing = 0;
		};
/* End PBXResourcesBuildPhase section */

/* Begin PBXShellScriptBuildPhase section */
		4355FC3F23BCC241000463B6 /* Copy LaunchAtLogin Helper */ = {
			isa = PBXShellScriptBuildPhase;
			alwaysOutOfDate = 1;
			buildActionMask = 2147483647;
			files = (
			);
			inputFileListPaths = (
			);
			inputPaths = (
			);
			name = "Copy LaunchAtLogin Helper";
			outputFileListPaths = (
			);
			outputPaths = (
			);
			runOnlyForDeploymentPostprocessing = 0;
			shellPath = /bin/sh;
			shellScript = "\"${BUILT_PRODUCTS_DIR}/LaunchAtLogin_LaunchAtLogin.bundle/Contents/Resources/copy-helper-swiftpm.sh\"\n";
		};
		4361405A2BBBE8D500CCC38B /* Remove dylibs */ = {
			isa = PBXShellScriptBuildPhase;
			alwaysOutOfDate = 1;
			buildActionMask = 2147483647;
			files = (
			);
			inputFileListPaths = (
			);
			inputPaths = (
			);
			name = "Remove dylibs";
			outputFileListPaths = (
			);
			outputPaths = (
			);
			runOnlyForDeploymentPostprocessing = 0;
			shellPath = /bin/sh;
			shellScript = "./bin/remove-dylibs\n";
		};
		43A60B9723BD4D7300160E3E /* Sign dylibs */ = {
			isa = PBXShellScriptBuildPhase;
			alwaysOutOfDate = 1;
			buildActionMask = 2147483647;
			files = (
			);
			inputFileListPaths = (
			);
			inputPaths = (
			);
			name = "Sign dylibs";
			outputFileListPaths = (
			);
			outputPaths = (
			);
			runOnlyForDeploymentPostprocessing = 0;
			shellPath = /bin/sh;
			shellScript = "./bin/sign-dylibs\n";
		};
/* End PBXShellScriptBuildPhase section */

/* Begin PBXSourcesBuildPhase section */
		43613FFF2BBBE68700CCC38B /* Sources */ = {
			isa = PBXSourcesBuildPhase;
			buildActionMask = 2147483647;
			files = (
				436140412BBBE79400CCC38B /* Backend.swift in Sources */,
				436140422BBBE79400CCC38B /* RemindersView.swift in Sources */,
				436140432BBBE79400CCC38B /* Store.swift in Sources */,
				436140442BBBE79400CCC38B /* ReminderDetailView.swift in Sources */,
				436140452BBBE79400CCC38B /* FolderSyncer.swift in Sources */,
				43AC35652BBE881D0095D2FB /* AddReminderIntent.swift in Sources */,
				436140462BBBE79400CCC38B /* BackendExtensions.swift in Sources */,
				436140482BBBE79400CCC38B /* DeviceShakeViewModifier.swift in Sources */,
				436140492BBBE79400CCC38B /* Remember.swift in Sources */,
				4361404A2BBBE79400CCC38B /* CommandField.swift in Sources */,
				4361404B2BBBE79400CCC38B /* SettingsView.swift in Sources */,
				4361404C2BBBE79400CCC38B /* ContentView.swift in Sources */,
				4361404D2BBBE79400CCC38B /* SettingsSyncView.swift in Sources */,
				4361404E2BBBE79400CCC38B /* CommandView.swift in Sources */,
				4361404F2BBBE79400CCC38B /* NotificationsManager.swift in Sources */,
			);
			runOnlyForDeploymentPostprocessing = 0;
		};
		436BE28D23B10D4E00717375 /* Sources */ = {
			isa = PBXSourcesBuildPhase;
			buildActionMask = 2147483647;
			files = (
				43713C3E23B21CB000E20E48 /* CommandField.swift in Sources */,
				43E6B95E23B68F4A00F7ACE1 /* Keycode.swift in Sources */,
				4355FC3C23BA73A8000463B6 /* KeyboardShortcutDefaults.swift in Sources */,
				43983BE423BA279E0064C527 /* EntryListItem.swift in Sources */,
				43E6B95A23B6775B00F7ACE1 /* DDHotKeyTextField.m in Sources */,
				433DB90F23B134B40027268A /* VisualEffectBackground.swift in Sources */,
				43D680FD23D71AF900659FCA /* Onboarding.swift in Sources */,
				43E6B95823B6775B00F7ACE1 /* DDHotKeyUtilities.m in Sources */,
				43E6B95923B6775B00F7ACE1 /* DDHotKeyCenter.m in Sources */,
				4355FC3823BA4E0D000463B6 /* Preferences.swift in Sources */,
				4355FC3A23BA621F000463B6 /* KeyboardShortcutField.swift in Sources */,
				43344ADB2BB05FD0000BE145 /* BackendExtensions.swift in Sources */,
				43344ADA2BB05FD0000BE145 /* Backend.swift in Sources */,
				43E6B95C23B6878600F7ACE1 /* Notifications.swift in Sources */,
				43BB852623DB835500DFDC59 /* StatusItem.swift in Sources */,
				436BE29723B10D4E00717375 /* ContentView.swift in Sources */,
				43983BE223BA19EC0064C527 /* EntryList.swift in Sources */,
				436BE29523B10D4E00717375 /* AppDelegate.swift in Sources */,
				43B8902A269976D6007D29BD /* Snooze.swift in Sources */,
				43E6B94323B61CAD00F7ACE1 /* Store.swift in Sources */,
				43983BDE23B794300064C527 /* UserNotifications.swift in Sources */,
				4355FC3E23BA7B3A000463B6 /* KeyboardShortcut.swift in Sources */,
				43F0F39923DAF59000D3D97C /* FolderSync.swift in Sources */,
			);
			runOnlyForDeploymentPostprocessing = 0;
		};
/* End PBXSourcesBuildPhase section */

/* Begin PBXVariantGroup section */
		436BE29D23B10D5000717375 /* Main.storyboard */ = {
			isa = PBXVariantGroup;
			children = (
				436BE29E23B10D5000717375 /* Base */,
			);
			name = Main.storyboard;
			sourceTree = "<group>";
		};
/* End PBXVariantGroup section */

/* Begin XCBuildConfiguration section */
		4361400F2BBBE68700CCC38B /* Debug */ = {
			isa = XCBuildConfiguration;
			buildSettings = {
				ASSETCATALOG_COMPILER_APPICON_NAME = AppIcon;
				ASSETCATALOG_COMPILER_GENERATE_SWIFT_ASSET_SYMBOL_EXTENSIONS = YES;
				ASSETCATALOG_COMPILER_GLOBAL_ACCENT_COLOR_NAME = AccentColor;
				CLANG_CXX_LANGUAGE_STANDARD = "gnu++20";
				CODE_SIGN_STYLE = Automatic;
				CURRENT_PROJECT_VERSION = 20240815;
				DEVELOPMENT_ASSET_PATHS = "\"remember-ios/Preview Content\"";
				DEVELOPMENT_TEAM = H3YE679B58;
				ENABLE_PREVIEWS = YES;
				ENABLE_USER_SCRIPT_SANDBOXING = NO;
				GCC_C_LANGUAGE_STANDARD = gnu17;
				GENERATE_INFOPLIST_FILE = YES;
				INFOPLIST_FILE = "Remember-iOS/Info.plist";
				INFOPLIST_KEY_CFBundleDisplayName = Remember;
				INFOPLIST_KEY_LSApplicationCategoryType = "public.app-category.productivity";
				INFOPLIST_KEY_UIApplicationSceneManifest_Generation = YES;
				INFOPLIST_KEY_UIApplicationSupportsIndirectInputEvents = YES;
				INFOPLIST_KEY_UILaunchScreen_Generation = YES;
				INFOPLIST_KEY_UISupportedInterfaceOrientations_iPad = "UIInterfaceOrientationPortrait UIInterfaceOrientationPortraitUpsideDown UIInterfaceOrientationLandscapeLeft UIInterfaceOrientationLandscapeRight";
				INFOPLIST_KEY_UISupportedInterfaceOrientations_iPhone = "UIInterfaceOrientationPortrait UIInterfaceOrientationLandscapeLeft UIInterfaceOrientationLandscapeRight";
				IPHONEOS_DEPLOYMENT_TARGET = 17.0;
				LD_RUNPATH_SEARCH_PATHS = (
					"$(inherited)",
					"@executable_path/Frameworks",
				);
				LOCALIZATION_PREFERS_STRING_CATALOGS = YES;
				MARKETING_VERSION = 2024.08.15;
				PRODUCT_BUNDLE_IDENTIFIER = io.defn.remember;
				PRODUCT_NAME = "$(TARGET_NAME)";
				SDKROOT = iphoneos;
				SUPPORTED_PLATFORMS = "iphoneos iphonesimulator";
				SUPPORTS_MACCATALYST = NO;
				SUPPORTS_MAC_DESIGNED_FOR_IPHONE_IPAD = NO;
				SUPPORTS_XR_DESIGNED_FOR_IPHONE_IPAD = NO;
				SWIFT_ACTIVE_COMPILATION_CONDITIONS = "DEBUG $(inherited)";
				SWIFT_EMIT_LOC_STRINGS = YES;
				SWIFT_VERSION = 5.0;
				TARGETED_DEVICE_FAMILY = 1;
			};
			name = Debug;
		};
		436140102BBBE68700CCC38B /* Release */ = {
			isa = XCBuildConfiguration;
			buildSettings = {
				ASSETCATALOG_COMPILER_APPICON_NAME = AppIcon;
				ASSETCATALOG_COMPILER_GENERATE_SWIFT_ASSET_SYMBOL_EXTENSIONS = YES;
				ASSETCATALOG_COMPILER_GLOBAL_ACCENT_COLOR_NAME = AccentColor;
				CLANG_CXX_LANGUAGE_STANDARD = "gnu++20";
				CODE_SIGN_STYLE = Automatic;
				CURRENT_PROJECT_VERSION = 20240815;
				DEVELOPMENT_ASSET_PATHS = "\"remember-ios/Preview Content\"";
				DEVELOPMENT_TEAM = H3YE679B58;
				ENABLE_PREVIEWS = YES;
				ENABLE_USER_SCRIPT_SANDBOXING = NO;
				GCC_C_LANGUAGE_STANDARD = gnu17;
				GENERATE_INFOPLIST_FILE = YES;
				INFOPLIST_FILE = "Remember-iOS/Info.plist";
				INFOPLIST_KEY_CFBundleDisplayName = Remember;
				INFOPLIST_KEY_LSApplicationCategoryType = "public.app-category.productivity";
				INFOPLIST_KEY_UIApplicationSceneManifest_Generation = YES;
				INFOPLIST_KEY_UIApplicationSupportsIndirectInputEvents = YES;
				INFOPLIST_KEY_UILaunchScreen_Generation = YES;
				INFOPLIST_KEY_UISupportedInterfaceOrientations_iPad = "UIInterfaceOrientationPortrait UIInterfaceOrientationPortraitUpsideDown UIInterfaceOrientationLandscapeLeft UIInterfaceOrientationLandscapeRight";
				INFOPLIST_KEY_UISupportedInterfaceOrientations_iPhone = "UIInterfaceOrientationPortrait UIInterfaceOrientationLandscapeLeft UIInterfaceOrientationLandscapeRight";
				IPHONEOS_DEPLOYMENT_TARGET = 17.0;
				LD_RUNPATH_SEARCH_PATHS = (
					"$(inherited)",
					"@executable_path/Frameworks",
				);
				LOCALIZATION_PREFERS_STRING_CATALOGS = YES;
				MARKETING_VERSION = 2024.08.15;
				PRODUCT_BUNDLE_IDENTIFIER = io.defn.remember;
				PRODUCT_NAME = "$(TARGET_NAME)";
				SDKROOT = iphoneos;
				SUPPORTED_PLATFORMS = "iphoneos iphonesimulator";
				SUPPORTS_MACCATALYST = NO;
				SUPPORTS_MAC_DESIGNED_FOR_IPHONE_IPAD = NO;
				SUPPORTS_XR_DESIGNED_FOR_IPHONE_IPAD = NO;
				SWIFT_EMIT_LOC_STRINGS = YES;
				SWIFT_VERSION = 5.0;
				TARGETED_DEVICE_FAMILY = 1;
				VALIDATE_PRODUCT = YES;
			};
			name = Release;
		};
		436BE2B823B10D5000717375 /* Debug */ = {
			isa = XCBuildConfiguration;
			buildSettings = {
				ALWAYS_SEARCH_USER_PATHS = NO;
				CLANG_ANALYZER_NONNULL = YES;
				CLANG_ANALYZER_NUMBER_OBJECT_CONVERSION = YES_AGGRESSIVE;
				CLANG_CXX_LANGUAGE_STANDARD = "gnu++14";
				CLANG_CXX_LIBRARY = "libc++";
				CLANG_ENABLE_MODULES = YES;
				CLANG_ENABLE_OBJC_ARC = YES;
				CLANG_ENABLE_OBJC_WEAK = YES;
				CLANG_WARN_BLOCK_CAPTURE_AUTORELEASING = YES;
				CLANG_WARN_BOOL_CONVERSION = YES;
				CLANG_WARN_COMMA = YES;
				CLANG_WARN_CONSTANT_CONVERSION = YES;
				CLANG_WARN_DEPRECATED_OBJC_IMPLEMENTATIONS = YES;
				CLANG_WARN_DIRECT_OBJC_ISA_USAGE = YES_ERROR;
				CLANG_WARN_DOCUMENTATION_COMMENTS = YES;
				CLANG_WARN_EMPTY_BODY = YES;
				CLANG_WARN_ENUM_CONVERSION = YES;
				CLANG_WARN_INFINITE_RECURSION = YES;
				CLANG_WARN_INT_CONVERSION = YES;
				CLANG_WARN_NON_LITERAL_NULL_CONVERSION = YES;
				CLANG_WARN_OBJC_IMPLICIT_RETAIN_SELF = YES;
				CLANG_WARN_OBJC_LITERAL_CONVERSION = YES;
				CLANG_WARN_OBJC_ROOT_CLASS = YES_ERROR;
				CLANG_WARN_QUOTED_INCLUDE_IN_FRAMEWORK_HEADER = YES;
				CLANG_WARN_RANGE_LOOP_ANALYSIS = YES;
				CLANG_WARN_STRICT_PROTOTYPES = YES;
				CLANG_WARN_SUSPICIOUS_MOVE = YES;
				CLANG_WARN_UNGUARDED_AVAILABILITY = YES_AGGRESSIVE;
				CLANG_WARN_UNREACHABLE_CODE = YES;
				CLANG_WARN__DUPLICATE_METHOD_MATCH = YES;
				COPY_PHASE_STRIP = NO;
				DEAD_CODE_STRIPPING = YES;
				DEBUG_INFORMATION_FORMAT = dwarf;
				ENABLE_STRICT_OBJC_MSGSEND = YES;
				ENABLE_TESTABILITY = YES;
				ENABLE_USER_SCRIPT_SANDBOXING = YES;
				GCC_C_LANGUAGE_STANDARD = gnu11;
				GCC_DYNAMIC_NO_PIC = NO;
				GCC_NO_COMMON_BLOCKS = YES;
				GCC_OPTIMIZATION_LEVEL = 0;
				GCC_PREPROCESSOR_DEFINITIONS = (
					"DEBUG=1",
					"$(inherited)",
				);
				GCC_WARN_64_TO_32_BIT_CONVERSION = YES;
				GCC_WARN_ABOUT_RETURN_TYPE = YES_ERROR;
				GCC_WARN_UNDECLARED_SELECTOR = YES;
				GCC_WARN_UNINITIALIZED_AUTOS = YES_AGGRESSIVE;
				GCC_WARN_UNUSED_FUNCTION = YES;
				GCC_WARN_UNUSED_VARIABLE = YES;
				IPHONEOS_DEPLOYMENT_TARGET = 17.0;
				MACOSX_DEPLOYMENT_TARGET = 13.0;
				MTL_ENABLE_DEBUG_INFO = INCLUDE_SOURCE;
				MTL_FAST_MATH = YES;
				ONLY_ACTIVE_ARCH = YES;
				SDKROOT = macosx;
				SWIFT_ACTIVE_COMPILATION_CONDITIONS = DEBUG;
				SWIFT_OPTIMIZATION_LEVEL = "-Onone";
			};
			name = Debug;
		};
		436BE2B923B10D5000717375 /* Release */ = {
			isa = XCBuildConfiguration;
			buildSettings = {
				ALWAYS_SEARCH_USER_PATHS = NO;
				CLANG_ANALYZER_NONNULL = YES;
				CLANG_ANALYZER_NUMBER_OBJECT_CONVERSION = YES_AGGRESSIVE;
				CLANG_CXX_LANGUAGE_STANDARD = "gnu++14";
				CLANG_CXX_LIBRARY = "libc++";
				CLANG_ENABLE_MODULES = YES;
				CLANG_ENABLE_OBJC_ARC = YES;
				CLANG_ENABLE_OBJC_WEAK = YES;
				CLANG_WARN_BLOCK_CAPTURE_AUTORELEASING = YES;
				CLANG_WARN_BOOL_CONVERSION = YES;
				CLANG_WARN_COMMA = YES;
				CLANG_WARN_CONSTANT_CONVERSION = YES;
				CLANG_WARN_DEPRECATED_OBJC_IMPLEMENTATIONS = YES;
				CLANG_WARN_DIRECT_OBJC_ISA_USAGE = YES_ERROR;
				CLANG_WARN_DOCUMENTATION_COMMENTS = YES;
				CLANG_WARN_EMPTY_BODY = YES;
				CLANG_WARN_ENUM_CONVERSION = YES;
				CLANG_WARN_INFINITE_RECURSION = YES;
				CLANG_WARN_INT_CONVERSION = YES;
				CLANG_WARN_NON_LITERAL_NULL_CONVERSION = YES;
				CLANG_WARN_OBJC_IMPLICIT_RETAIN_SELF = YES;
				CLANG_WARN_OBJC_LITERAL_CONVERSION = YES;
				CLANG_WARN_OBJC_ROOT_CLASS = YES_ERROR;
				CLANG_WARN_QUOTED_INCLUDE_IN_FRAMEWORK_HEADER = YES;
				CLANG_WARN_RANGE_LOOP_ANALYSIS = YES;
				CLANG_WARN_STRICT_PROTOTYPES = YES;
				CLANG_WARN_SUSPICIOUS_MOVE = YES;
				CLANG_WARN_UNGUARDED_AVAILABILITY = YES_AGGRESSIVE;
				CLANG_WARN_UNREACHABLE_CODE = YES;
				CLANG_WARN__DUPLICATE_METHOD_MATCH = YES;
				COPY_PHASE_STRIP = NO;
				DEAD_CODE_STRIPPING = YES;
				DEBUG_INFORMATION_FORMAT = "dwarf-with-dsym";
				ENABLE_NS_ASSERTIONS = NO;
				ENABLE_STRICT_OBJC_MSGSEND = YES;
				ENABLE_USER_SCRIPT_SANDBOXING = YES;
				GCC_C_LANGUAGE_STANDARD = gnu11;
				GCC_NO_COMMON_BLOCKS = YES;
				GCC_WARN_64_TO_32_BIT_CONVERSION = YES;
				GCC_WARN_ABOUT_RETURN_TYPE = YES_ERROR;
				GCC_WARN_UNDECLARED_SELECTOR = YES;
				GCC_WARN_UNINITIALIZED_AUTOS = YES_AGGRESSIVE;
				GCC_WARN_UNUSED_FUNCTION = YES;
				GCC_WARN_UNUSED_VARIABLE = YES;
				IPHONEOS_DEPLOYMENT_TARGET = 17.0;
				MACOSX_DEPLOYMENT_TARGET = 13.0;
				MTL_ENABLE_DEBUG_INFO = NO;
				MTL_FAST_MATH = YES;
				SDKROOT = macosx;
				SWIFT_COMPILATION_MODE = wholemodule;
				SWIFT_OPTIMIZATION_LEVEL = "-O";
			};
			name = Release;
		};
		436BE2BB23B10D5000717375 /* Debug */ = {
			isa = XCBuildConfiguration;
			buildSettings = {
				ASSETCATALOG_COMPILER_APPICON_NAME = AppIcon;
				CODE_SIGN_ENTITLEMENTS = remember/remember.entitlements;
				CODE_SIGN_IDENTITY = "Apple Development";
				CODE_SIGN_STYLE = Automatic;
				COMBINE_HIDPI_IMAGES = YES;
				CURRENT_PROJECT_VERSION = 20240407;
				DEAD_CODE_STRIPPING = YES;
				DEFINES_MODULE = NO;
				DEVELOPMENT_ASSET_PATHS = "\"remember/Preview Content\"";
				DEVELOPMENT_TEAM = H3YE679B58;
				ENABLE_HARDENED_RUNTIME = YES;
				ENABLE_PREVIEWS = YES;
				ENABLE_USER_SCRIPT_SANDBOXING = NO;
				INFOPLIST_FILE = remember/Info.plist;
				INFOPLIST_KEY_CFBundleDisplayName = Remember;
				INFOPLIST_KEY_LSApplicationCategoryType = "public.app-category.productivity";
				LD_RUNPATH_SEARCH_PATHS = (
					"$(inherited)",
					"@executable_path/../Frameworks",
				);
				MACOSX_DEPLOYMENT_TARGET = 13.0;
				MARKETING_VERSION = 2024.04.07;
				PRODUCT_BUNDLE_IDENTIFIER = io.defn.remember;
				PRODUCT_NAME = "$(TARGET_NAME)";
				PROVISIONING_PROFILE_SPECIFIER = "";
				SWIFT_OBJC_BRIDGING_HEADER = "$(SRCROOT)/remember/BridgingHeader.h";
				SWIFT_VERSION = 5.0;
			};
			name = Debug;
		};
		436BE2BC23B10D5000717375 /* Release */ = {
			isa = XCBuildConfiguration;
			buildSettings = {
				ASSETCATALOG_COMPILER_APPICON_NAME = AppIcon;
				CODE_SIGN_ENTITLEMENTS = remember/remember.entitlements;
				CODE_SIGN_IDENTITY = "Apple Development";
				CODE_SIGN_STYLE = Automatic;
				COMBINE_HIDPI_IMAGES = YES;
				CURRENT_PROJECT_VERSION = 20240407;
				DEAD_CODE_STRIPPING = YES;
				DEFINES_MODULE = NO;
				DEVELOPMENT_ASSET_PATHS = "\"remember/Preview Content\"";
				DEVELOPMENT_TEAM = H3YE679B58;
				ENABLE_HARDENED_RUNTIME = YES;
				ENABLE_PREVIEWS = YES;
				ENABLE_USER_SCRIPT_SANDBOXING = NO;
				INFOPLIST_FILE = remember/Info.plist;
				INFOPLIST_KEY_CFBundleDisplayName = Remember;
				INFOPLIST_KEY_LSApplicationCategoryType = "public.app-category.productivity";
				LD_RUNPATH_SEARCH_PATHS = (
					"$(inherited)",
					"@executable_path/../Frameworks",
				);
				MACOSX_DEPLOYMENT_TARGET = 13.0;
				MARKETING_VERSION = 2024.04.07;
				PRODUCT_BUNDLE_IDENTIFIER = io.defn.remember;
				PRODUCT_NAME = "$(TARGET_NAME)";
				PROVISIONING_PROFILE_SPECIFIER = "";
				SWIFT_OBJC_BRIDGING_HEADER = "$(SRCROOT)/remember/BridgingHeader.h";
				SWIFT_VERSION = 5.0;
			};
			name = Release;
		};
/* End XCBuildConfiguration section */

/* Begin XCConfigurationList section */
		4361400E2BBBE68700CCC38B /* Build configuration list for PBXNativeTarget "Remember iOS" */ = {
			isa = XCConfigurationList;
			buildConfigurations = (
				4361400F2BBBE68700CCC38B /* Debug */,
				436140102BBBE68700CCC38B /* Release */,
			);
			defaultConfigurationIsVisible = 0;
			defaultConfigurationName = Release;
		};
		436BE28C23B10D4E00717375 /* Build configuration list for PBXProject "Remember" */ = {
			isa = XCConfigurationList;
			buildConfigurations = (
				436BE2B823B10D5000717375 /* Debug */,
				436BE2B923B10D5000717375 /* Release */,
			);
			defaultConfigurationIsVisible = 0;
			defaultConfigurationName = Release;
		};
		436BE2BA23B10D5000717375 /* Build configuration list for PBXNativeTarget "Remember" */ = {
			isa = XCConfigurationList;
			buildConfigurations = (
				436BE2BB23B10D5000717375 /* Debug */,
				436BE2BC23B10D5000717375 /* Release */,
			);
			defaultConfigurationIsVisible = 0;
			defaultConfigurationName = Release;
		};
/* End XCConfigurationList section */

/* Begin XCLocalSwiftPackageReference section */
		43344AD12BB05F79000BE145 /* XCLocalSwiftPackageReference "../../sandbox/Noise" */ = {
			isa = XCLocalSwiftPackageReference;
			relativePath = ../../sandbox/Noise;
		};
/* End XCLocalSwiftPackageReference section */

/* Begin XCRemoteSwiftPackageReference section */
		43F199DD2569A18100259849 /* XCRemoteSwiftPackageReference "LaunchAtLogin" */ = {
			isa = XCRemoteSwiftPackageReference;
			repositoryURL = "https://github.com/sindresorhus/LaunchAtLogin";
			requirement = {
				kind = upToNextMajorVersion;
				minimumVersion = 4.0.0;
			};
		};
/* End XCRemoteSwiftPackageReference section */

/* Begin XCSwiftPackageProductDependency section */
		43344AD22BB05F79000BE145 /* Noise */ = {
			isa = XCSwiftPackageProductDependency;
			productName = Noise;
		};
		43344AD42BB05F79000BE145 /* NoiseBackend */ = {
			isa = XCSwiftPackageProductDependency;
			productName = NoiseBackend;
		};
		43344AD62BB05F79000BE145 /* NoiseSerde */ = {
			isa = XCSwiftPackageProductDependency;
			productName = NoiseSerde;
		};
		436140522BBBE7C500CCC38B /* Noise */ = {
			isa = XCSwiftPackageProductDependency;
			package = 43344AD12BB05F79000BE145 /* XCLocalSwiftPackageReference "../../sandbox/Noise" */;
			productName = Noise;
		};
		436140542BBBE7C500CCC38B /* NoiseBackend */ = {
			isa = XCSwiftPackageProductDependency;
			package = 43344AD12BB05F79000BE145 /* XCLocalSwiftPackageReference "../../sandbox/Noise" */;
			productName = NoiseBackend;
		};
		436140562BBBE7C500CCC38B /* NoiseSerde */ = {
			isa = XCSwiftPackageProductDependency;
			package = 43344AD12BB05F79000BE145 /* XCLocalSwiftPackageReference "../../sandbox/Noise" */;
			productName = NoiseSerde;
		};
		43F199DE2569A18100259849 /* LaunchAtLogin */ = {
			isa = XCSwiftPackageProductDependency;
			package = 43F199DD2569A18100259849 /* XCRemoteSwiftPackageReference "LaunchAtLogin" */;
			productName = LaunchAtLogin;
		};
/* End XCSwiftPackageProductDependency section */
	};
	rootObject = 436BE28923B10D4E00717375 /* Project object */;
}
