// !$*UTF8*$!
{
	archiveVersion = 1;
	classes = {
	};
	objectVersion = 60;
	objects = {

/* Begin PBXBuildFile section */
		43216C9B2BB1AEA900C10780 /* DeviceShakeViewModifier.swift in Sources */ = {isa = PBXBuildFile; fileRef = 43216C9A2BB1AEA900C10780 /* DeviceShakeViewModifier.swift */; };
		43344AEB2BB15A52000BE145 /* Remember.swift in Sources */ = {isa = PBXBuildFile; fileRef = 43344AEA2BB15A52000BE145 /* Remember.swift */; };
		43344AED2BB15A52000BE145 /* ContentView.swift in Sources */ = {isa = PBXBuildFile; fileRef = 43344AEC2BB15A52000BE145 /* ContentView.swift */; };
		43344AEF2BB15A52000BE145 /* Assets.xcassets in Resources */ = {isa = PBXBuildFile; fileRef = 43344AEE2BB15A52000BE145 /* Assets.xcassets */; };
		43344AF22BB15A52000BE145 /* Preview Assets.xcassets in Resources */ = {isa = PBXBuildFile; fileRef = 43344AF12BB15A52000BE145 /* Preview Assets.xcassets */; };
		43344AFA2BB15A6C000BE145 /* Noise in Frameworks */ = {isa = PBXBuildFile; productRef = 43344AF92BB15A6C000BE145 /* Noise */; };
		43344AFC2BB15A6C000BE145 /* NoiseBackend in Frameworks */ = {isa = PBXBuildFile; productRef = 43344AFB2BB15A6C000BE145 /* NoiseBackend */; };
		43344AFE2BB15A6C000BE145 /* NoiseSerde in Frameworks */ = {isa = PBXBuildFile; productRef = 43344AFD2BB15A6C000BE145 /* NoiseSerde */; };
		43344B002BB15D34000BE145 /* BackendExtensions.swift in Sources */ = {isa = PBXBuildFile; fileRef = 43344AFF2BB15D34000BE145 /* BackendExtensions.swift */; };
		43344B022BB15D85000BE145 /* Backend.swift in Sources */ = {isa = PBXBuildFile; fileRef = 43344B012BB15D85000BE145 /* Backend.swift */; };
		43344B042BB15DFA000BE145 /* res in Resources */ = {isa = PBXBuildFile; fileRef = 43344B032BB15DFA000BE145 /* res */; };
		43344B062BB15E5A000BE145 /* Store.swift in Sources */ = {isa = PBXBuildFile; fileRef = 43344B052BB15E5A000BE145 /* Store.swift */; };
		4335AF392BB299F000B59BFB /* NotificationsManager.swift in Sources */ = {isa = PBXBuildFile; fileRef = 4335AF382BB299F000B59BFB /* NotificationsManager.swift */; };
		4340EE862BB9839A00CBB7B1 /* ReminderDetailView.swift in Sources */ = {isa = PBXBuildFile; fileRef = 4340EE852BB9839A00CBB7B1 /* ReminderDetailView.swift */; };
		43F920FE2BB404AE00C5F06D /* CommandView.swift in Sources */ = {isa = PBXBuildFile; fileRef = 43F920FD2BB404AE00C5F06D /* CommandView.swift */; };
		43F921002BB40B9000C5F06D /* RemindersView.swift in Sources */ = {isa = PBXBuildFile; fileRef = 43F920FF2BB40B9000C5F06D /* RemindersView.swift */; };
		43F921022BB4377700C5F06D /* SettingsView.swift in Sources */ = {isa = PBXBuildFile; fileRef = 43F921012BB4377700C5F06D /* SettingsView.swift */; };
		43F921042BB43AAD00C5F06D /* SettingsSyncView.swift in Sources */ = {isa = PBXBuildFile; fileRef = 43F921032BB43AAD00C5F06D /* SettingsSyncView.swift */; };
		43F921062BB44BFF00C5F06D /* FolderSyncer.swift in Sources */ = {isa = PBXBuildFile; fileRef = 43F921052BB44BFF00C5F06D /* FolderSyncer.swift */; };
/* End PBXBuildFile section */

/* Begin PBXFileReference section */
		43216C9A2BB1AEA900C10780 /* DeviceShakeViewModifier.swift */ = {isa = PBXFileReference; lastKnownFileType = sourcecode.swift; path = DeviceShakeViewModifier.swift; sourceTree = "<group>"; };
		43344AE72BB15A52000BE145 /* remember-ios.app */ = {isa = PBXFileReference; explicitFileType = wrapper.application; includeInIndex = 0; path = "remember-ios.app"; sourceTree = BUILT_PRODUCTS_DIR; };
		43344AEA2BB15A52000BE145 /* Remember.swift */ = {isa = PBXFileReference; lastKnownFileType = sourcecode.swift; path = Remember.swift; sourceTree = "<group>"; };
		43344AEC2BB15A52000BE145 /* ContentView.swift */ = {isa = PBXFileReference; lastKnownFileType = sourcecode.swift; path = ContentView.swift; sourceTree = "<group>"; };
		43344AEE2BB15A52000BE145 /* Assets.xcassets */ = {isa = PBXFileReference; lastKnownFileType = folder.assetcatalog; path = Assets.xcassets; sourceTree = "<group>"; };
		43344AF12BB15A52000BE145 /* Preview Assets.xcassets */ = {isa = PBXFileReference; lastKnownFileType = folder.assetcatalog; path = "Preview Assets.xcassets"; sourceTree = "<group>"; };
		43344AFF2BB15D34000BE145 /* BackendExtensions.swift */ = {isa = PBXFileReference; fileEncoding = 4; lastKnownFileType = sourcecode.swift; path = BackendExtensions.swift; sourceTree = "<group>"; };
		43344B012BB15D85000BE145 /* Backend.swift */ = {isa = PBXFileReference; fileEncoding = 4; lastKnownFileType = sourcecode.swift; path = Backend.swift; sourceTree = "<group>"; };
		43344B032BB15DFA000BE145 /* res */ = {isa = PBXFileReference; lastKnownFileType = folder; path = res; sourceTree = "<group>"; };
		43344B052BB15E5A000BE145 /* Store.swift */ = {isa = PBXFileReference; lastKnownFileType = sourcecode.swift; path = Store.swift; sourceTree = "<group>"; };
		4335AF382BB299F000B59BFB /* NotificationsManager.swift */ = {isa = PBXFileReference; lastKnownFileType = sourcecode.swift; path = NotificationsManager.swift; sourceTree = "<group>"; };
		4335AF3A2BB2EBC700B59BFB /* Info.plist */ = {isa = PBXFileReference; lastKnownFileType = text.plist; path = Info.plist; sourceTree = "<group>"; };
		4340EE852BB9839A00CBB7B1 /* ReminderDetailView.swift */ = {isa = PBXFileReference; lastKnownFileType = sourcecode.swift; path = ReminderDetailView.swift; sourceTree = "<group>"; };
		43F920FD2BB404AE00C5F06D /* CommandView.swift */ = {isa = PBXFileReference; lastKnownFileType = sourcecode.swift; path = CommandView.swift; sourceTree = "<group>"; };
		43F920FF2BB40B9000C5F06D /* RemindersView.swift */ = {isa = PBXFileReference; lastKnownFileType = sourcecode.swift; path = RemindersView.swift; sourceTree = "<group>"; };
		43F921012BB4377700C5F06D /* SettingsView.swift */ = {isa = PBXFileReference; lastKnownFileType = sourcecode.swift; path = SettingsView.swift; sourceTree = "<group>"; };
		43F921032BB43AAD00C5F06D /* SettingsSyncView.swift */ = {isa = PBXFileReference; lastKnownFileType = sourcecode.swift; path = SettingsSyncView.swift; sourceTree = "<group>"; };
		43F921052BB44BFF00C5F06D /* FolderSyncer.swift */ = {isa = PBXFileReference; lastKnownFileType = sourcecode.swift; path = FolderSyncer.swift; sourceTree = "<group>"; };
/* End PBXFileReference section */

/* Begin PBXFrameworksBuildPhase section */
		43344AE42BB15A52000BE145 /* Frameworks */ = {
			isa = PBXFrameworksBuildPhase;
			buildActionMask = 2147483647;
			files = (
				43344AFE2BB15A6C000BE145 /* NoiseSerde in Frameworks */,
				43344AFC2BB15A6C000BE145 /* NoiseBackend in Frameworks */,
				43344AFA2BB15A6C000BE145 /* Noise in Frameworks */,
			);
			runOnlyForDeploymentPostprocessing = 0;
		};
/* End PBXFrameworksBuildPhase section */

/* Begin PBXGroup section */
		43344ADE2BB15A52000BE145 = {
			isa = PBXGroup;
			children = (
				43344AE82BB15A52000BE145 /* Products */,
				43344AE92BB15A52000BE145 /* remember-ios */,
				43344B032BB15DFA000BE145 /* res */,
			);
			sourceTree = "<group>";
		};
		43344AE82BB15A52000BE145 /* Products */ = {
			isa = PBXGroup;
			children = (
				43344AE72BB15A52000BE145 /* remember-ios.app */,
			);
			name = Products;
			sourceTree = "<group>";
		};
		43344AE92BB15A52000BE145 /* remember-ios */ = {
			isa = PBXGroup;
			children = (
				43344AEE2BB15A52000BE145 /* Assets.xcassets */,
				43344B012BB15D85000BE145 /* Backend.swift */,
				43344AFF2BB15D34000BE145 /* BackendExtensions.swift */,
				43F920FD2BB404AE00C5F06D /* CommandView.swift */,
				43344AEC2BB15A52000BE145 /* ContentView.swift */,
				43216C9A2BB1AEA900C10780 /* DeviceShakeViewModifier.swift */,
				43F921052BB44BFF00C5F06D /* FolderSyncer.swift */,
				4335AF3A2BB2EBC700B59BFB /* Info.plist */,
				4335AF382BB299F000B59BFB /* NotificationsManager.swift */,
				43344AF02BB15A52000BE145 /* Preview Content */,
				43344AEA2BB15A52000BE145 /* Remember.swift */,
				4340EE852BB9839A00CBB7B1 /* ReminderDetailView.swift */,
				43F920FF2BB40B9000C5F06D /* RemindersView.swift */,
				43F921032BB43AAD00C5F06D /* SettingsSyncView.swift */,
				43F921012BB4377700C5F06D /* SettingsView.swift */,
				43344B052BB15E5A000BE145 /* Store.swift */,
			);
			path = "remember-ios";
			sourceTree = "<group>";
		};
		43344AF02BB15A52000BE145 /* Preview Content */ = {
			isa = PBXGroup;
			children = (
				43344AF12BB15A52000BE145 /* Preview Assets.xcassets */,
			);
			path = "Preview Content";
			sourceTree = "<group>";
		};
/* End PBXGroup section */

/* Begin PBXNativeTarget section */
		43344AE62BB15A52000BE145 /* remember-ios */ = {
			isa = PBXNativeTarget;
			buildConfigurationList = 43344AF52BB15A52000BE145 /* Build configuration list for PBXNativeTarget "remember-ios" */;
			buildPhases = (
				43344AE32BB15A52000BE145 /* Sources */,
				43344AE42BB15A52000BE145 /* Frameworks */,
				43344AE52BB15A52000BE145 /* Resources */,
			);
			buildRules = (
			);
			dependencies = (
			);
			name = "remember-ios";
			packageProductDependencies = (
				43344AF92BB15A6C000BE145 /* Noise */,
				43344AFB2BB15A6C000BE145 /* NoiseBackend */,
				43344AFD2BB15A6C000BE145 /* NoiseSerde */,
			);
			productName = "remember-ios";
			productReference = 43344AE72BB15A52000BE145 /* remember-ios.app */;
			productType = "com.apple.product-type.application";
		};
/* End PBXNativeTarget section */

/* Begin PBXProject section */
		43344ADF2BB15A52000BE145 /* Project object */ = {
			isa = PBXProject;
			attributes = {
				BuildIndependentTargetsInParallel = 1;
				LastSwiftUpdateCheck = 1530;
				LastUpgradeCheck = 1530;
				TargetAttributes = {
					43344AE62BB15A52000BE145 = {
						CreatedOnToolsVersion = 15.3;
					};
				};
			};
			buildConfigurationList = 43344AE22BB15A52000BE145 /* Build configuration list for PBXProject "remember-ios" */;
			compatibilityVersion = "Xcode 14.0";
			developmentRegion = en;
			hasScannedForEncodings = 0;
			knownRegions = (
				en,
				Base,
			);
			mainGroup = 43344ADE2BB15A52000BE145;
			packageReferences = (
				43344AF82BB15A6C000BE145 /* XCLocalSwiftPackageReference "../../../../sandbox/Noise" */,
			);
			productRefGroup = 43344AE82BB15A52000BE145 /* Products */;
			projectDirPath = "";
			projectRoot = "";
			targets = (
				43344AE62BB15A52000BE145 /* remember-ios */,
			);
		};
/* End PBXProject section */

/* Begin PBXResourcesBuildPhase section */
		43344AE52BB15A52000BE145 /* Resources */ = {
			isa = PBXResourcesBuildPhase;
			buildActionMask = 2147483647;
			files = (
				43344B042BB15DFA000BE145 /* res in Resources */,
				43344AF22BB15A52000BE145 /* Preview Assets.xcassets in Resources */,
				43344AEF2BB15A52000BE145 /* Assets.xcassets in Resources */,
			);
			runOnlyForDeploymentPostprocessing = 0;
		};
/* End PBXResourcesBuildPhase section */

/* Begin PBXSourcesBuildPhase section */
		43344AE32BB15A52000BE145 /* Sources */ = {
			isa = PBXSourcesBuildPhase;
			buildActionMask = 2147483647;
			files = (
				4340EE862BB9839A00CBB7B1 /* ReminderDetailView.swift in Sources */,
				43344B062BB15E5A000BE145 /* Store.swift in Sources */,
				4335AF392BB299F000B59BFB /* NotificationsManager.swift in Sources */,
				43344B022BB15D85000BE145 /* Backend.swift in Sources */,
				43216C9B2BB1AEA900C10780 /* DeviceShakeViewModifier.swift in Sources */,
				43344AED2BB15A52000BE145 /* ContentView.swift in Sources */,
				43F921022BB4377700C5F06D /* SettingsView.swift in Sources */,
				43344B002BB15D34000BE145 /* BackendExtensions.swift in Sources */,
				43F920FE2BB404AE00C5F06D /* CommandView.swift in Sources */,
				43F921042BB43AAD00C5F06D /* SettingsSyncView.swift in Sources */,
				43F921062BB44BFF00C5F06D /* FolderSyncer.swift in Sources */,
				43344AEB2BB15A52000BE145 /* Remember.swift in Sources */,
				43F921002BB40B9000C5F06D /* RemindersView.swift in Sources */,
			);
			runOnlyForDeploymentPostprocessing = 0;
		};
/* End PBXSourcesBuildPhase section */

/* Begin XCBuildConfiguration section */
		43344AF32BB15A52000BE145 /* Debug */ = {
			isa = XCBuildConfiguration;
			buildSettings = {
				ALWAYS_SEARCH_USER_PATHS = NO;
				ASSETCATALOG_COMPILER_GENERATE_SWIFT_ASSET_SYMBOL_EXTENSIONS = YES;
				CLANG_ANALYZER_NONNULL = YES;
				CLANG_ANALYZER_NUMBER_OBJECT_CONVERSION = YES_AGGRESSIVE;
				CLANG_CXX_LANGUAGE_STANDARD = "gnu++20";
				CLANG_ENABLE_MODULES = YES;
				CLANG_ENABLE_OBJC_ARC = YES;
				CLANG_ENABLE_OBJC_WEAK = YES;
				CLANG_WARN_BLOCK_CAPTURE_AUTORELEASING = YES;
				CLANG_WARN_BOOL_CONVERSION = YES;
				CLANG_WARN_COMMA = YES;
				CLANG_WARN_CONSTANT_CONVERSION = YES;
				CLANG_WARN_DEPRECATED_OBJC_IMPLEMENTATIONS = YES;
				CLANG_WARN_DIRECT_OBJC_ISA_USAGE = YES_ERROR;
				CLANG_WARN_DOCUMENTATION_COMMENTS = YES;
				CLANG_WARN_EMPTY_BODY = YES;
				CLANG_WARN_ENUM_CONVERSION = YES;
				CLANG_WARN_INFINITE_RECURSION = YES;
				CLANG_WARN_INT_CONVERSION = YES;
				CLANG_WARN_NON_LITERAL_NULL_CONVERSION = YES;
				CLANG_WARN_OBJC_IMPLICIT_RETAIN_SELF = YES;
				CLANG_WARN_OBJC_LITERAL_CONVERSION = YES;
				CLANG_WARN_OBJC_ROOT_CLASS = YES_ERROR;
				CLANG_WARN_QUOTED_INCLUDE_IN_FRAMEWORK_HEADER = YES;
				CLANG_WARN_RANGE_LOOP_ANALYSIS = YES;
				CLANG_WARN_STRICT_PROTOTYPES = YES;
				CLANG_WARN_SUSPICIOUS_MOVE = YES;
				CLANG_WARN_UNGUARDED_AVAILABILITY = YES_AGGRESSIVE;
				CLANG_WARN_UNREACHABLE_CODE = YES;
				CLANG_WARN__DUPLICATE_METHOD_MATCH = YES;
				COPY_PHASE_STRIP = NO;
				DEBUG_INFORMATION_FORMAT = dwarf;
				ENABLE_STRICT_OBJC_MSGSEND = YES;
				ENABLE_TESTABILITY = YES;
				ENABLE_USER_SCRIPT_SANDBOXING = YES;
				GCC_C_LANGUAGE_STANDARD = gnu17;
				GCC_DYNAMIC_NO_PIC = NO;
				GCC_NO_COMMON_BLOCKS = YES;
				GCC_OPTIMIZATION_LEVEL = 0;
				GCC_PREPROCESSOR_DEFINITIONS = (
					"DEBUG=1",
					"$(inherited)",
				);
				GCC_WARN_64_TO_32_BIT_CONVERSION = YES;
				GCC_WARN_ABOUT_RETURN_TYPE = YES_ERROR;
				GCC_WARN_UNDECLARED_SELECTOR = YES;
				GCC_WARN_UNINITIALIZED_AUTOS = YES_AGGRESSIVE;
				GCC_WARN_UNUSED_FUNCTION = YES;
				GCC_WARN_UNUSED_VARIABLE = YES;
				IPHONEOS_DEPLOYMENT_TARGET = 17.4;
				LOCALIZATION_PREFERS_STRING_CATALOGS = YES;
				MTL_ENABLE_DEBUG_INFO = INCLUDE_SOURCE;
				MTL_FAST_MATH = YES;
				ONLY_ACTIVE_ARCH = YES;
				SDKROOT = iphoneos;
				SWIFT_ACTIVE_COMPILATION_CONDITIONS = "DEBUG $(inherited)";
				SWIFT_OPTIMIZATION_LEVEL = "-Onone";
			};
			name = Debug;
		};
		43344AF42BB15A52000BE145 /* Release */ = {
			isa = XCBuildConfiguration;
			buildSettings = {
				ALWAYS_SEARCH_USER_PATHS = NO;
				ASSETCATALOG_COMPILER_GENERATE_SWIFT_ASSET_SYMBOL_EXTENSIONS = YES;
				CLANG_ANALYZER_NONNULL = YES;
				CLANG_ANALYZER_NUMBER_OBJECT_CONVERSION = YES_AGGRESSIVE;
				CLANG_CXX_LANGUAGE_STANDARD = "gnu++20";
				CLANG_ENABLE_MODULES = YES;
				CLANG_ENABLE_OBJC_ARC = YES;
				CLANG_ENABLE_OBJC_WEAK = YES;
				CLANG_WARN_BLOCK_CAPTURE_AUTORELEASING = YES;
				CLANG_WARN_BOOL_CONVERSION = YES;
				CLANG_WARN_COMMA = YES;
				CLANG_WARN_CONSTANT_CONVERSION = YES;
				CLANG_WARN_DEPRECATED_OBJC_IMPLEMENTATIONS = YES;
				CLANG_WARN_DIRECT_OBJC_ISA_USAGE = YES_ERROR;
				CLANG_WARN_DOCUMENTATION_COMMENTS = YES;
				CLANG_WARN_EMPTY_BODY = YES;
				CLANG_WARN_ENUM_CONVERSION = YES;
				CLANG_WARN_INFINITE_RECURSION = YES;
				CLANG_WARN_INT_CONVERSION = YES;
				CLANG_WARN_NON_LITERAL_NULL_CONVERSION = YES;
				CLANG_WARN_OBJC_IMPLICIT_RETAIN_SELF = YES;
				CLANG_WARN_OBJC_LITERAL_CONVERSION = YES;
				CLANG_WARN_OBJC_ROOT_CLASS = YES_ERROR;
				CLANG_WARN_QUOTED_INCLUDE_IN_FRAMEWORK_HEADER = YES;
				CLANG_WARN_RANGE_LOOP_ANALYSIS = YES;
				CLANG_WARN_STRICT_PROTOTYPES = YES;
				CLANG_WARN_SUSPICIOUS_MOVE = YES;
				CLANG_WARN_UNGUARDED_AVAILABILITY = YES_AGGRESSIVE;
				CLANG_WARN_UNREACHABLE_CODE = YES;
				CLANG_WARN__DUPLICATE_METHOD_MATCH = YES;
				COPY_PHASE_STRIP = NO;
				DEBUG_INFORMATION_FORMAT = "dwarf-with-dsym";
				ENABLE_NS_ASSERTIONS = NO;
				ENABLE_STRICT_OBJC_MSGSEND = YES;
				ENABLE_USER_SCRIPT_SANDBOXING = YES;
				GCC_C_LANGUAGE_STANDARD = gnu17;
				GCC_NO_COMMON_BLOCKS = YES;
				GCC_WARN_64_TO_32_BIT_CONVERSION = YES;
				GCC_WARN_ABOUT_RETURN_TYPE = YES_ERROR;
				GCC_WARN_UNDECLARED_SELECTOR = YES;
				GCC_WARN_UNINITIALIZED_AUTOS = YES_AGGRESSIVE;
				GCC_WARN_UNUSED_FUNCTION = YES;
				GCC_WARN_UNUSED_VARIABLE = YES;
				IPHONEOS_DEPLOYMENT_TARGET = 17.4;
				LOCALIZATION_PREFERS_STRING_CATALOGS = YES;
				MTL_ENABLE_DEBUG_INFO = NO;
				MTL_FAST_MATH = YES;
				SDKROOT = iphoneos;
				SWIFT_COMPILATION_MODE = wholemodule;
				VALIDATE_PRODUCT = YES;
			};
			name = Release;
		};
		43344AF62BB15A52000BE145 /* Debug */ = {
			isa = XCBuildConfiguration;
			buildSettings = {
				ASSETCATALOG_COMPILER_APPICON_NAME = AppIcon;
				ASSETCATALOG_COMPILER_GLOBAL_ACCENT_COLOR_NAME = AccentColor;
				CODE_SIGN_STYLE = Automatic;
				CURRENT_PROJECT_VERSION = 1;
				DEVELOPMENT_ASSET_PATHS = "\"remember-ios/Preview Content\"";
				DEVELOPMENT_TEAM = H3YE679B58;
				ENABLE_PREVIEWS = YES;
				GENERATE_INFOPLIST_FILE = YES;
				INFOPLIST_FILE = "remember-ios/Info.plist";
				INFOPLIST_KEY_CFBundleDisplayName = Remember;
				INFOPLIST_KEY_LSApplicationCategoryType = "public.app-category.productivity";
				INFOPLIST_KEY_UIApplicationSceneManifest_Generation = YES;
				INFOPLIST_KEY_UIApplicationSupportsIndirectInputEvents = YES;
				INFOPLIST_KEY_UILaunchScreen_Generation = YES;
				INFOPLIST_KEY_UISupportedInterfaceOrientations_iPad = "UIInterfaceOrientationPortrait UIInterfaceOrientationPortraitUpsideDown UIInterfaceOrientationLandscapeLeft UIInterfaceOrientationLandscapeRight";
				INFOPLIST_KEY_UISupportedInterfaceOrientations_iPhone = "UIInterfaceOrientationPortrait UIInterfaceOrientationLandscapeLeft UIInterfaceOrientationLandscapeRight";
				IPHONEOS_DEPLOYMENT_TARGET = 17.2;
				LD_RUNPATH_SEARCH_PATHS = (
					"$(inherited)",
					"@executable_path/Frameworks",
				);
				MARKETING_VERSION = 1.0;
				PRODUCT_BUNDLE_IDENTIFIER = "io.defn.remember-ios";
				PRODUCT_NAME = "$(TARGET_NAME)";
				SWIFT_EMIT_LOC_STRINGS = YES;
				SWIFT_VERSION = 5.0;
				TARGETED_DEVICE_FAMILY = "1,2";
			};
			name = Debug;
		};
		43344AF72BB15A52000BE145 /* Release */ = {
			isa = XCBuildConfiguration;
			buildSettings = {
				ASSETCATALOG_COMPILER_APPICON_NAME = AppIcon;
				ASSETCATALOG_COMPILER_GLOBAL_ACCENT_COLOR_NAME = AccentColor;
				CODE_SIGN_STYLE = Automatic;
				CURRENT_PROJECT_VERSION = 1;
				DEVELOPMENT_ASSET_PATHS = "\"remember-ios/Preview Content\"";
				DEVELOPMENT_TEAM = H3YE679B58;
				ENABLE_PREVIEWS = YES;
				GENERATE_INFOPLIST_FILE = YES;
				INFOPLIST_FILE = "remember-ios/Info.plist";
				INFOPLIST_KEY_CFBundleDisplayName = Remember;
				INFOPLIST_KEY_LSApplicationCategoryType = "public.app-category.productivity";
				INFOPLIST_KEY_UIApplicationSceneManifest_Generation = YES;
				INFOPLIST_KEY_UIApplicationSupportsIndirectInputEvents = YES;
				INFOPLIST_KEY_UILaunchScreen_Generation = YES;
				INFOPLIST_KEY_UISupportedInterfaceOrientations_iPad = "UIInterfaceOrientationPortrait UIInterfaceOrientationPortraitUpsideDown UIInterfaceOrientationLandscapeLeft UIInterfaceOrientationLandscapeRight";
				INFOPLIST_KEY_UISupportedInterfaceOrientations_iPhone = "UIInterfaceOrientationPortrait UIInterfaceOrientationLandscapeLeft UIInterfaceOrientationLandscapeRight";
				IPHONEOS_DEPLOYMENT_TARGET = 17.2;
				LD_RUNPATH_SEARCH_PATHS = (
					"$(inherited)",
					"@executable_path/Frameworks",
				);
				MARKETING_VERSION = 1.0;
				PRODUCT_BUNDLE_IDENTIFIER = "io.defn.remember-ios";
				PRODUCT_NAME = "$(TARGET_NAME)";
				SWIFT_EMIT_LOC_STRINGS = YES;
				SWIFT_VERSION = 5.0;
				TARGETED_DEVICE_FAMILY = "1,2";
			};
			name = Release;
		};
/* End XCBuildConfiguration section */

/* Begin XCConfigurationList section */
		43344AE22BB15A52000BE145 /* Build configuration list for PBXProject "remember-ios" */ = {
			isa = XCConfigurationList;
			buildConfigurations = (
				43344AF32BB15A52000BE145 /* Debug */,
				43344AF42BB15A52000BE145 /* Release */,
			);
			defaultConfigurationIsVisible = 0;
			defaultConfigurationName = Release;
		};
		43344AF52BB15A52000BE145 /* Build configuration list for PBXNativeTarget "remember-ios" */ = {
			isa = XCConfigurationList;
			buildConfigurations = (
				43344AF62BB15A52000BE145 /* Debug */,
				43344AF72BB15A52000BE145 /* Release */,
			);
			defaultConfigurationIsVisible = 0;
			defaultConfigurationName = Release;
		};
/* End XCConfigurationList section */

/* Begin XCLocalSwiftPackageReference section */
		43344AF82BB15A6C000BE145 /* XCLocalSwiftPackageReference "../../../../sandbox/Noise" */ = {
			isa = XCLocalSwiftPackageReference;
			relativePath = ../../../../sandbox/Noise;
		};
/* End XCLocalSwiftPackageReference section */

/* Begin XCSwiftPackageProductDependency section */
		43344AF92BB15A6C000BE145 /* Noise */ = {
			isa = XCSwiftPackageProductDependency;
			productName = Noise;
		};
		43344AFB2BB15A6C000BE145 /* NoiseBackend */ = {
			isa = XCSwiftPackageProductDependency;
			productName = NoiseBackend;
		};
		43344AFD2BB15A6C000BE145 /* NoiseSerde */ = {
			isa = XCSwiftPackageProductDependency;
			productName = NoiseSerde;
		};
/* End XCSwiftPackageProductDependency section */
	};
	rootObject = 43344ADF2BB15A52000BE145 /* Project object */;
}
